
Microsoft Visual Studio Solution File, Format Version 12.00
# Visual Studio 14
VisualStudioVersion = 14.0.25420.1
MinimumVisualStudioVersion = 10.0.40219.1
Project("{8BB2217D-0F2D-49D1-97BC-3654ED321F3B}") = "TagLib.Core", "TagLib.Core\TagLib.Core.xproj", "{0CF32992-BC06-412B-B5BF-E8EE87E3398D}"
EndProject
Project("{8BB2217D-0F2D-49D1-97BC-3654ED321F3B}") = "TagLib.UnitTests", "TagLib.UnitTests\TagLib.UnitTests.xproj", "{D700EC38-2088-47A6-B03B-F3B6BE8E1317}"
EndProject
Global
	GlobalSection(SolutionConfigurationPlatforms) = preSolution
		Debug|Any CPU = Debug|Any CPU
		Release|Any CPU = Release|Any CPU
	EndGlobalSection
	GlobalSection(ProjectConfigurationPlatforms) = postSolution
		{0CF32992-BC06-412B-B5BF-E8EE87E3398D}.Debug|Any CPU.ActiveCfg = Debug|Any CPU
		{0CF32992-BC06-412B-B5BF-E8EE87E3398D}.Debug|Any CPU.Build.0 = Debug|Any CPU
		{0CF32992-BC06-412B-B5BF-E8EE87E3398D}.Release|Any CPU.ActiveCfg = Release|Any CPU
		{0CF32992-BC06-412B-B5BF-E8EE87E3398D}.Release|Any CPU.Build.0 = Release|Any CPU
		{D700EC38-2088-47A6-B03B-F3B6BE8E1317}.Debug|Any CPU.ActiveCfg = Debug|Any CPU
		{D700EC38-2088-47A6-B03B-F3B6BE8E1317}.Debug|Any CPU.Build.0 = Debug|Any CPU
		{D700EC38-2088-47A6-B03B-F3B6BE8E1317}.Release|Any CPU.ActiveCfg = Release|Any CPU
		{D700EC38-2088-47A6-B03B-F3B6BE8E1317}.Release|Any CPU.Build.0 = Release|Any CPU
	EndGlobalSection
	GlobalSection(SolutionProperties) = preSolution
		HideSolutionNode = FALSE
	EndGlobalSection
EndGlobal
